
Microsoft Visual Studio Solution File, Format Version 12.00
# Visual Studio 15
VisualStudioVersion = 15.0.34526.175
MinimumVisualStudioVersion = 10.0.40219.1
Project("{FAE04EC0-301F-11D3-BF4B-00C04F79EFBC}") = "Objetos", "Objetos\Objetos.csproj", "{53073A8F-1F54-4B39-9CFB-E4F3F1F4BAF0}"
EndProject
Project("{FAE04EC0-301F-11D3-BF4B-00C04F79EFBC}") = "Formularios", "Formularios\Formularios.csproj", "{C3C774F8-75EB-446C-925F-6DFDE7B36EC6}"
EndProject
Project("{FAE04EC0-301F-11D3-BF4B-00C04F79EFBC}") = "Datos", "Datos\Datos.csproj", "{634DC105-E545-48DE-A979-065CF2CE8A87}"
EndProject
Project("{FAE04EC0-301F-11D3-BF4B-00C04F79EFBC}") = "Entidad", "Entidad\Entidad.csproj", "{4C58FBF5-8CC1-4780-92D5-7232CEA034A6}"
EndProject
Project("{FAE04EC0-301F-11D3-BF4B-00C04F79EFBC}") = "Negocio", "Negocio\Negocio.csproj", "{795DADDD-E8C8-4834-A541-49A10C2C340C}"
EndProject
Global
	GlobalSection(SolutionConfigurationPlatforms) = preSolution
		Debug|Any CPU = Debug|Any CPU
		Release|Any CPU = Release|Any CPU
	EndGlobalSection
	GlobalSection(ProjectConfigurationPlatforms) = postSolution
		{53073A8F-1F54-4B39-9CFB-E4F3F1F4BAF0}.Debug|Any CPU.ActiveCfg = Debug|Any CPU
		{53073A8F-1F54-4B39-9CFB-E4F3F1F4BAF0}.Debug|Any CPU.Build.0 = Debug|Any CPU
		{53073A8F-1F54-4B39-9CFB-E4F3F1F4BAF0}.Release|Any CPU.ActiveCfg = Release|Any CPU
		{53073A8F-1F54-4B39-9CFB-E4F3F1F4BAF0}.Release|Any CPU.Build.0 = Release|Any CPU
		{C3C774F8-75EB-446C-925F-6DFDE7B36EC6}.Debug|Any CPU.ActiveCfg = Debug|Any CPU
		{C3C774F8-75EB-446C-925F-6DFDE7B36EC6}.Debug|Any CPU.Build.0 = Debug|Any CPU
		{C3C774F8-75EB-446C-925F-6DFDE7B36EC6}.Release|Any CPU.ActiveCfg = Release|Any CPU
		{C3C774F8-75EB-446C-925F-6DFDE7B36EC6}.Release|Any CPU.Build.0 = Release|Any CPU
		{634DC105-E545-48DE-A979-065CF2CE8A87}.Debug|Any CPU.ActiveCfg = Debug|Any CPU
		{634DC105-E545-48DE-A979-065CF2CE8A87}.Debug|Any CPU.Build.0 = Debug|Any CPU
		{634DC105-E545-48DE-A979-065CF2CE8A87}.Release|Any CPU.ActiveCfg = Release|Any CPU
		{634DC105-E545-48DE-A979-065CF2CE8A87}.Release|Any CPU.Build.0 = Release|Any CPU
		{4C58FBF5-8CC1-4780-92D5-7232CEA034A6}.Debug|Any CPU.ActiveCfg = Debug|Any CPU
		{4C58FBF5-8CC1-4780-92D5-7232CEA034A6}.Debug|Any CPU.Build.0 = Debug|Any CPU
		{4C58FBF5-8CC1-4780-92D5-7232CEA034A6}.Release|Any CPU.ActiveCfg = Release|Any CPU
		{4C58FBF5-8CC1-4780-92D5-7232CEA034A6}.Release|Any CPU.Build.0 = Release|Any CPU
		{795DADDD-E8C8-4834-A541-49A10C2C340C}.Debug|Any CPU.ActiveCfg = Debug|Any CPU
		{795DADDD-E8C8-4834-A541-49A10C2C340C}.Debug|Any CPU.Build.0 = Debug|Any CPU
		{795DADDD-E8C8-4834-A541-49A10C2C340C}.Release|Any CPU.ActiveCfg = Release|Any CPU
		{795DADDD-E8C8-4834-A541-49A10C2C340C}.Release|Any CPU.Build.0 = Release|Any CPU
	EndGlobalSection
	GlobalSection(SolutionProperties) = preSolution
		HideSolutionNode = FALSE
	EndGlobalSection
	GlobalSection(ExtensibilityGlobals) = postSolution
		SolutionGuid = {42442DDC-B714-493D-9D73-64C72E8ACECC}
	EndGlobalSection
EndGlobal
